
Microsoft Visual Studio Solution File, Format Version 12.00
# Visual Studio Version 17
VisualStudioVersion = 17.9.34607.119
MinimumVisualStudioVersion = 10.0.40219.1
Project("{FAE04EC0-301F-11D3-BF4B-00C04F79EFBC}") = "ConsoleApp3", "ConsoleApp3\ConsoleApp3.csproj", "{B6E9C3EF-E4AD-4D6E-B31A-5F05E4066043}"
EndProject
Global
	GlobalSection(SolutionConfigurationPlatforms) = preSolution
		Debug|Any CPU = Debug|Any CPU
		Release|Any CPU = Release|Any CPU
	EndGlobalSection
	GlobalSection(ProjectConfigurationPlatforms) = postSolution
		{B6E9C3EF-E4AD-4D6E-B31A-5F05E4066043}.Debug|Any CPU.ActiveCfg = Debug|Any CPU
		{B6E9C3EF-E4AD-4D6E-B31A-5F05E4066043}.Debug|Any CPU.Build.0 = Debug|Any CPU
		{B6E9C3EF-E4AD-4D6E-B31A-5F05E4066043}.Release|Any CPU.ActiveCfg = Release|Any CPU
		{B6E9C3EF-E4AD-4D6E-B31A-5F05E4066043}.Release|Any CPU.Build.0 = Release|Any CPU
	EndGlobalSection
	GlobalSection(SolutionProperties) = preSolution
		HideSolutionNode = FALSE
	EndGlobalSection
	GlobalSection(ExtensibilityGlobals) = postSolution
		SolutionGuid = {F7209C89-21DE-4F4A-B0DF-E11855B5CA82}
	EndGlobalSection
EndGlobal
