
Microsoft Visual Studio Solution File, Format Version 12.00
# Visual Studio Version 17
VisualStudioVersion = 17.9.34607.119
MinimumVisualStudioVersion = 10.0.40219.1
Project("{FAE04EC0-301F-11D3-BF4B-00C04F79EFBC}") = "Arrays", "Arrays\Arrays.csproj", "{8F37C0F0-56F3-4962-BAFE-CD9D5CBD9527}"
EndProject
Global
	GlobalSection(SolutionConfigurationPlatforms) = preSolution
		Debug|Any CPU = Debug|Any CPU
		Release|Any CPU = Release|Any CPU
	EndGlobalSection
	GlobalSection(ProjectConfigurationPlatforms) = postSolution
		{8F37C0F0-56F3-4962-BAFE-CD9D5CBD9527}.Debug|Any CPU.ActiveCfg = Debug|Any CPU
		{8F37C0F0-56F3-4962-BAFE-CD9D5CBD9527}.Debug|Any CPU.Build.0 = Debug|Any CPU
		{8F37C0F0-56F3-4962-BAFE-CD9D5CBD9527}.Release|Any CPU.ActiveCfg = Release|Any CPU
		{8F37C0F0-56F3-4962-BAFE-CD9D5CBD9527}.Release|Any CPU.Build.0 = Release|Any CPU
	EndGlobalSection
	GlobalSection(SolutionProperties) = preSolution
		HideSolutionNode = FALSE
	EndGlobalSection
	GlobalSection(ExtensibilityGlobals) = postSolution
		SolutionGuid = {8B388EB9-65C3-4F58-BADC-3A6C2799A826}
	EndGlobalSection
EndGlobal
