
Microsoft Visual Studio Solution File, Format Version 12.00
# Visual Studio Version 17
VisualStudioVersion = 17.9.34607.119
MinimumVisualStudioVersion = 10.0.40219.1
Project("{FAE04EC0-301F-11D3-BF4B-00C04F79EFBC}") = "multiple_inheritance", "multiple_inheritance\multiple_inheritance.csproj", "{1E98D523-D989-4126-9738-EFFA227DDD47}"
EndProject
Global
	GlobalSection(SolutionConfigurationPlatforms) = preSolution
		Debug|Any CPU = Debug|Any CPU
		Release|Any CPU = Release|Any CPU
	EndGlobalSection
	GlobalSection(ProjectConfigurationPlatforms) = postSolution
		{1E98D523-D989-4126-9738-EFFA227DDD47}.Debug|Any CPU.ActiveCfg = Debug|Any CPU
		{1E98D523-D989-4126-9738-EFFA227DDD47}.Debug|Any CPU.Build.0 = Debug|Any CPU
		{1E98D523-D989-4126-9738-EFFA227DDD47}.Release|Any CPU.ActiveCfg = Release|Any CPU
		{1E98D523-D989-4126-9738-EFFA227DDD47}.Release|Any CPU.Build.0 = Release|Any CPU
	EndGlobalSection
	GlobalSection(SolutionProperties) = preSolution
		HideSolutionNode = FALSE
	EndGlobalSection
	GlobalSection(ExtensibilityGlobals) = postSolution
		SolutionGuid = {B7BDACF3-9E2C-4ABB-B40A-0ADAF7D1746A}
	EndGlobalSection
EndGlobal
