
Microsoft Visual Studio Solution File, Format Version 12.00
# Visual Studio Version 17
VisualStudioVersion = 17.9.34607.119
MinimumVisualStudioVersion = 10.0.40219.1
Project("{FAE04EC0-301F-11D3-BF4B-00C04F79EFBC}") = "Linq", "Linq\Linq.csproj", "{14FA499D-FBDD-4371-B171-1AB5D04CD3D8}"
EndProject
Global
	GlobalSection(SolutionConfigurationPlatforms) = preSolution
		Debug|Any CPU = Debug|Any CPU
		Release|Any CPU = Release|Any CPU
	EndGlobalSection
	GlobalSection(ProjectConfigurationPlatforms) = postSolution
		{14FA499D-FBDD-4371-B171-1AB5D04CD3D8}.Debug|Any CPU.ActiveCfg = Debug|Any CPU
		{14FA499D-FBDD-4371-B171-1AB5D04CD3D8}.Debug|Any CPU.Build.0 = Debug|Any CPU
		{14FA499D-FBDD-4371-B171-1AB5D04CD3D8}.Release|Any CPU.ActiveCfg = Release|Any CPU
		{14FA499D-FBDD-4371-B171-1AB5D04CD3D8}.Release|Any CPU.Build.0 = Release|Any CPU
	EndGlobalSection
	GlobalSection(SolutionProperties) = preSolution
		HideSolutionNode = FALSE
	EndGlobalSection
	GlobalSection(ExtensibilityGlobals) = postSolution
		SolutionGuid = {A1D59B1B-6289-4EFF-9100-EF4A2C986DF2}
	EndGlobalSection
EndGlobal
